// !$*UTF8*$!
{
	archiveVersion = 1;
	classes = {
	};
	objectVersion = 50;
	objects = {

/* Begin PBXBuildFile section */
		B123C1592411D9300052012E /* main.swift in Sources */ = {isa = PBXBuildFile; fileRef = B123C1582411D9300052012E /* main.swift */; };
		B123C1602411D96A0052012E /* Worker.swift in Sources */ = {isa = PBXBuildFile; fileRef = B123C15F2411D96A0052012E /* Worker.swift */; };
		B123C1622411D9750052012E /* FixedWorker.swift in Sources */ = {isa = PBXBuildFile; fileRef = B123C1612411D9750052012E /* FixedWorker.swift */; };
		B123C1642411D97C0052012E /* ComissionWorker.swift in Sources */ = {isa = PBXBuildFile; fileRef = B123C1632411D97C0052012E /* ComissionWorker.swift */; };
		B123C1662411D9830052012E /* HourlyWorker.swift in Sources */ = {isa = PBXBuildFile; fileRef = B123C1652411D9830052012E /* HourlyWorker.swift */; };
/* End PBXBuildFile section */

/* Begin PBXCopyFilesBuildPhase section */
		B123C1532411D9300052012E /* CopyFiles */ = {
			isa = PBXCopyFilesBuildPhase;
			buildActionMask = 2147483647;
			dstPath = /usr/share/man/man1/;
			dstSubfolderSpec = 0;
			files = (
			);
			runOnlyForDeploymentPostprocessing = 1;
		};
/* End PBXCopyFilesBuildPhase section */

/* Begin PBXFileReference section */
		B123C1552411D9300052012E /* ABC Manufacturing Ltd */ = {isa = PBXFileReference; explicitFileType = "compiled.mach-o.executable"; includeInIndex = 0; path = "ABC Manufacturing Ltd"; sourceTree = BUILT_PRODUCTS_DIR; };
		B123C1582411D9300052012E /* main.swift */ = {isa = PBXFileReference; lastKnownFileType = sourcecode.swift; path = main.swift; sourceTree = "<group>"; };
		B123C15F2411D96A0052012E /* Worker.swift */ = {isa = PBXFileReference; lastKnownFileType = sourcecode.swift; path = Worker.swift; sourceTree = "<group>"; };
		B123C1612411D9750052012E /* FixedWorker.swift */ = {isa = PBXFileReference; lastKnownFileType = sourcecode.swift; path = FixedWorker.swift; sourceTree = "<group>"; };
		B123C1632411D97C0052012E /* ComissionWorker.swift */ = {isa = PBXFileReference; lastKnownFileType = sourcecode.swift; path = ComissionWorker.swift; sourceTree = "<group>"; };
		B123C1652411D9830052012E /* HourlyWorker.swift */ = {isa = PBXFileReference; lastKnownFileType = sourcecode.swift; path = HourlyWorker.swift; sourceTree = "<group>"; };
/* End PBXFileReference section */

/* Begin PBXFrameworksBuildPhase section */
		B123C1522411D9300052012E /* Frameworks */ = {
			isa = PBXFrameworksBuildPhase;
			buildActionMask = 2147483647;
			files = (
			);
			runOnlyForDeploymentPostprocessing = 0;
		};
/* End PBXFrameworksBuildPhase section */

/* Begin PBXGroup section */
		B123C14C2411D9300052012E = {
			isa = PBXGroup;
			children = (
				B123C1572411D9300052012E /* ABC Manufacturing Ltd */,
				B123C1562411D9300052012E /* Products */,
			);
			sourceTree = "<group>";
		};
		B123C1562411D9300052012E /* Products */ = {
			isa = PBXGroup;
			children = (
				B123C1552411D9300052012E /* ABC Manufacturing Ltd */,
			);
			name = Products;
			sourceTree = "<group>";
		};
		B123C1572411D9300052012E /* ABC Manufacturing Ltd */ = {
			isa = PBXGroup;
			children = (
				B123C1582411D9300052012E /* main.swift */,
				B123C15F2411D96A0052012E /* Worker.swift */,
				B123C1612411D9750052012E /* FixedWorker.swift */,
				B123C1632411D97C0052012E /* ComissionWorker.swift */,
				B123C1652411D9830052012E /* HourlyWorker.swift */,
			);
			path = "ABC Manufacturing Ltd";
			sourceTree = "<group>";
		};
/* End PBXGroup section */

/* Begin PBXNativeTarget section */
		B123C1542411D9300052012E /* ABC Manufacturing Ltd */ = {
			isa = PBXNativeTarget;
			buildConfigurationList = B123C15C2411D9300052012E /* Build configuration list for PBXNativeTarget "ABC Manufacturing Ltd" */;
			buildPhases = (
				B123C1512411D9300052012E /* Sources */,
				B123C1522411D9300052012E /* Frameworks */,
				B123C1532411D9300052012E /* CopyFiles */,
			);
			buildRules = (
			);
			dependencies = (
			);
			name = "ABC Manufacturing Ltd";
			productName = "ABC Manufacturing Ltd";
			productReference = B123C1552411D9300052012E /* ABC Manufacturing Ltd */;
			productType = "com.apple.product-type.tool";
		};
/* End PBXNativeTarget section */

/* Begin PBXProject section */
		B123C14D2411D9300052012E /* Project object */ = {
			isa = PBXProject;
			attributes = {
				LastSwiftUpdateCheck = 1010;
				LastUpgradeCheck = 1010;
				ORGANIZATIONNAME = "John Lin";
				TargetAttributes = {
					B123C1542411D9300052012E = {
						CreatedOnToolsVersion = 10.1;
					};
				};
			};
			buildConfigurationList = B123C1502411D9300052012E /* Build configuration list for PBXProject "ABC Manufacturing Ltd" */;
			compatibilityVersion = "Xcode 9.3";
			developmentRegion = en;
			hasScannedForEncodings = 0;
			knownRegions = (
				en,
			);
			mainGroup = B123C14C2411D9300052012E;
			productRefGroup = B123C1562411D9300052012E /* Products */;
			projectDirPath = "";
			projectRoot = "";
			targets = (
				B123C1542411D9300052012E /* ABC Manufacturing Ltd */,
			);
		};
/* End PBXProject section */

/* Begin PBXSourcesBuildPhase section */
		B123C1512411D9300052012E /* Sources */ = {
			isa = PBXSourcesBuildPhase;
			buildActionMask = 2147483647;
			files = (
				B123C1592411D9300052012E /* main.swift in Sources */,
				B123C1662411D9830052012E /* HourlyWorker.swift in Sources */,
				B123C1622411D9750052012E /* FixedWorker.swift in Sources */,
				B123C1642411D97C0052012E /* ComissionWorker.swift in Sources */,
				B123C1602411D96A0052012E /* Worker.swift in Sources */,
			);
			runOnlyForDeploymentPostprocessing = 0;
		};
/* End PBXSourcesBuildPhase section */

/* Begin XCBuildConfiguration section */
		B123C15A2411D9300052012E /* Debug */ = {
			isa = XCBuildConfiguration;
			buildSettings = {
				ALWAYS_SEARCH_USER_PATHS = NO;
				CLANG_ANALYZER_NONNULL = YES;
				CLANG_ANALYZER_NUMBER_OBJECT_CONVERSION = YES_AGGRESSIVE;
				CLANG_CXX_LANGUAGE_STANDARD = "gnu++14";
				CLANG_CXX_LIBRARY = "libc++";
				CLANG_ENABLE_MODULES = YES;
				CLANG_ENABLE_OBJC_ARC = YES;
				CLANG_ENABLE_OBJC_WEAK = YES;
				CLANG_WARN_BLOCK_CAPTURE_AUTORELEASING = YES;
				CLANG_WARN_BOOL_CONVERSION = YES;
				CLANG_WARN_COMMA = YES;
				CLANG_WARN_CONSTANT_CONVERSION = YES;
				CLANG_WARN_DEPRECATED_OBJC_IMPLEMENTATIONS = YES;
				CLANG_WARN_DIRECT_OBJC_ISA_USAGE = YES_ERROR;
				CLANG_WARN_DOCUMENTATION_COMMENTS = YES;
				CLANG_WARN_EMPTY_BODY = YES;
				CLANG_WARN_ENUM_CONVERSION = YES;
				CLANG_WARN_INFINITE_RECURSION = YES;
				CLANG_WARN_INT_CONVERSION = YES;
				CLANG_WARN_NON_LITERAL_NULL_CONVERSION = YES;
				CLANG_WARN_OBJC_IMPLICIT_RETAIN_SELF = YES;
				CLANG_WARN_OBJC_LITERAL_CONVERSION = YES;
				CLANG_WARN_OBJC_ROOT_CLASS = YES_ERROR;
				CLANG_WARN_RANGE_LOOP_ANALYSIS = YES;
				CLANG_WARN_STRICT_PROTOTYPES = YES;
				CLANG_WARN_SUSPICIOUS_MOVE = YES;
				CLANG_WARN_UNGUARDED_AVAILABILITY = YES_AGGRESSIVE;
				CLANG_WARN_UNREACHABLE_CODE = YES;
				CLANG_WARN__DUPLICATE_METHOD_MATCH = YES;
				CODE_SIGN_IDENTITY = "-";
				COPY_PHASE_STRIP = NO;
				DEBUG_INFORMATION_FORMAT = dwarf;
				ENABLE_STRICT_OBJC_MSGSEND = YES;
				ENABLE_TESTABILITY = YES;
				GCC_C_LANGUAGE_STANDARD = gnu11;
				GCC_DYNAMIC_NO_PIC = NO;
				GCC_NO_COMMON_BLOCKS = YES;
				GCC_OPTIMIZATION_LEVEL = 0;
				GCC_PREPROCESSOR_DEFINITIONS = (
					"DEBUG=1",
					"$(inherited)",
				);
				GCC_WARN_64_TO_32_BIT_CONVERSION = YES;
				GCC_WARN_ABOUT_RETURN_TYPE = YES_ERROR;
				GCC_WARN_UNDECLARED_SELECTOR = YES;
				GCC_WARN_UNINITIALIZED_AUTOS = YES_AGGRESSIVE;
				GCC_WARN_UNUSED_FUNCTION = YES;
				GCC_WARN_UNUSED_VARIABLE = YES;
				MACOSX_DEPLOYMENT_TARGET = 10.13;
				MTL_ENABLE_DEBUG_INFO = INCLUDE_SOURCE;
				MTL_FAST_MATH = YES;
				ONLY_ACTIVE_ARCH = YES;
				SDKROOT = macosx;
				SWIFT_ACTIVE_COMPILATION_CONDITIONS = DEBUG;
				SWIFT_OPTIMIZATION_LEVEL = "-Onone";
			};
			name = Debug;
		};
		B123C15B2411D9300052012E /* Release */ = {
			isa = XCBuildConfiguration;
			buildSettings = {
				ALWAYS_SEARCH_USER_PATHS = NO;
				CLANG_ANALYZER_NONNULL = YES;
				CLANG_ANALYZER_NUMBER_OBJECT_CONVERSION = YES_AGGRESSIVE;
				CLANG_CXX_LANGUAGE_STANDARD = "gnu++14";
				CLANG_CXX_LIBRARY = "libc++";
				CLANG_ENABLE_MODULES = YES;
				CLANG_ENABLE_OBJC_ARC = YES;
				CLANG_ENABLE_OBJC_WEAK = YES;
				CLANG_WARN_BLOCK_CAPTURE_AUTORELEASING = YES;
				CLANG_WARN_BOOL_CONVERSION = YES;
				CLANG_WARN_COMMA = YES;
				CLANG_WARN_CONSTANT_CONVERSION = YES;
				CLANG_WARN_DEPRECATED_OBJC_IMPLEMENTATIONS = YES;
				CLANG_WARN_DIRECT_OBJC_ISA_USAGE = YES_ERROR;
				CLANG_WARN_DOCUMENTATION_COMMENTS = YES;
				CLANG_WARN_EMPTY_BODY = YES;
				CLANG_WARN_ENUM_CONVERSION = YES;
				CLANG_WARN_INFINITE_RECURSION = YES;
				CLANG_WARN_INT_CONVERSION = YES;
				CLANG_WARN_NON_LITERAL_NULL_CONVERSION = YES;
				CLANG_WARN_OBJC_IMPLICIT_RETAIN_SELF = YES;
				CLANG_WARN_OBJC_LITERAL_CONVERSION = YES;
				CLANG_WARN_OBJC_ROOT_CLASS = YES_ERROR;
				CLANG_WARN_RANGE_LOOP_ANALYSIS = YES;
				CLANG_WARN_STRICT_PROTOTYPES = YES;
				CLANG_WARN_SUSPICIOUS_MOVE = YES;
				CLANG_WARN_UNGUARDED_AVAILABILITY = YES_AGGRESSIVE;
				CLANG_WARN_UNREACHABLE_CODE = YES;
				CLANG_WARN__DUPLICATE_METHOD_MATCH = YES;
				CODE_SIGN_IDENTITY = "-";
				COPY_PHASE_STRIP = NO;
				DEBUG_INFORMATION_FORMAT = "dwarf-with-dsym";
				ENABLE_NS_ASSERTIONS = NO;
				ENABLE_STRICT_OBJC_MSGSEND = YES;
				GCC_C_LANGUAGE_STANDARD = gnu11;
				GCC_NO_COMMON_BLOCKS = YES;
				GCC_WARN_64_TO_32_BIT_CONVERSION = YES;
				GCC_WARN_ABOUT_RETURN_TYPE = YES_ERROR;
				GCC_WARN_UNDECLARED_SELECTOR = YES;
				GCC_WARN_UNINITIALIZED_AUTOS = YES_AGGRESSIVE;
				GCC_WARN_UNUSED_FUNCTION = YES;
				GCC_WARN_UNUSED_VARIABLE = YES;
				MACOSX_DEPLOYMENT_TARGET = 10.13;
				MTL_ENABLE_DEBUG_INFO = NO;
				MTL_FAST_MATH = YES;
				SDKROOT = macosx;
				SWIFT_COMPILATION_MODE = wholemodule;
				SWIFT_OPTIMIZATION_LEVEL = "-O";
			};
			name = Release;
		};
		B123C15D2411D9300052012E /* Debug */ = {
			isa = XCBuildConfiguration;
			buildSettings = {
				CODE_SIGN_STYLE = Automatic;
				PRODUCT_NAME = "$(TARGET_NAME)";
				SWIFT_VERSION = 4.2;
			};
			name = Debug;
		};
		B123C15E2411D9300052012E /* Release */ = {
			isa = XCBuildConfiguration;
			buildSettings = {
				CODE_SIGN_STYLE = Automatic;
				PRODUCT_NAME = "$(TARGET_NAME)";
				SWIFT_VERSION = 4.2;
			};
			name = Release;
		};
/* End XCBuildConfiguration section */

/* Begin XCConfigurationList section */
		B123C1502411D9300052012E /* Build configuration list for PBXProject "ABC Manufacturing Ltd" */ = {
			isa = XCConfigurationList;
			buildConfigurations = (
				B123C15A2411D9300052012E /* Debug */,
				B123C15B2411D9300052012E /* Release */,
			);
			defaultConfigurationIsVisible = 0;
			defaultConfigurationName = Release;
		};
		B123C15C2411D9300052012E /* Build configuration list for PBXNativeTarget "ABC Manufacturing Ltd" */ = {
			isa = XCConfigurationList;
			buildConfigurations = (
				B123C15D2411D9300052012E /* Debug */,
				B123C15E2411D9300052012E /* Release */,
			);
			defaultConfigurationIsVisible = 0;
			defaultConfigurationName = Release;
		};
/* End XCConfigurationList section */
	};
	rootObject = B123C14D2411D9300052012E /* Project object */;
}
