// !$*UTF8*$!
{
	archiveVersion = 1;
	classes = {
	};
	objectVersion = 50;
	objects = {

/* Begin PBXBuildFile section */
		4F61C5C6B464E339EAB86AB6 /* Pods_FinalTest.framework in Frameworks */ = {isa = PBXBuildFile; fileRef = 5D1884A5ABFC4EEAEE7A0113 /* Pods_FinalTest.framework */; };
		B1C1F3872487090900DDCCDD /* AppDelegate.swift in Sources */ = {isa = PBXBuildFile; fileRef = B1C1F3862487090900DDCCDD /* AppDelegate.swift */; };
		B1C1F3892487090900DDCCDD /* ViewController.swift in Sources */ = {isa = PBXBuildFile; fileRef = B1C1F3882487090900DDCCDD /* ViewController.swift */; };
		B1C1F38C2487090900DDCCDD /* Main.storyboard in Resources */ = {isa = PBXBuildFile; fileRef = B1C1F38A2487090900DDCCDD /* Main.storyboard */; };
		B1C1F38E2487090C00DDCCDD /* Assets.xcassets in Resources */ = {isa = PBXBuildFile; fileRef = B1C1F38D2487090C00DDCCDD /* Assets.xcassets */; };
		B1C1F3912487090C00DDCCDD /* LaunchScreen.storyboard in Resources */ = {isa = PBXBuildFile; fileRef = B1C1F38F2487090C00DDCCDD /* LaunchScreen.storyboard */; };
/* End PBXBuildFile section */

/* Begin PBXFileReference section */
		49002A6A6E35D4BDA65AD396 /* Pods-FinalTest.debug.xcconfig */ = {isa = PBXFileReference; includeInIndex = 1; lastKnownFileType = text.xcconfig; name = "Pods-FinalTest.debug.xcconfig"; path = "Target Support Files/Pods-FinalTest/Pods-FinalTest.debug.xcconfig"; sourceTree = "<group>"; };
		5D1884A5ABFC4EEAEE7A0113 /* Pods_FinalTest.framework */ = {isa = PBXFileReference; explicitFileType = wrapper.framework; includeInIndex = 0; path = Pods_FinalTest.framework; sourceTree = BUILT_PRODUCTS_DIR; };
		B1C1F3832487090900DDCCDD /* FinalTest.app */ = {isa = PBXFileReference; explicitFileType = wrapper.application; includeInIndex = 0; path = FinalTest.app; sourceTree = BUILT_PRODUCTS_DIR; };
		B1C1F3862487090900DDCCDD /* AppDelegate.swift */ = {isa = PBXFileReference; lastKnownFileType = sourcecode.swift; path = AppDelegate.swift; sourceTree = "<group>"; };
		B1C1F3882487090900DDCCDD /* ViewController.swift */ = {isa = PBXFileReference; lastKnownFileType = sourcecode.swift; path = ViewController.swift; sourceTree = "<group>"; };
		B1C1F38B2487090900DDCCDD /* Base */ = {isa = PBXFileReference; lastKnownFileType = file.storyboard; name = Base; path = Base.lproj/Main.storyboard; sourceTree = "<group>"; };
		B1C1F38D2487090C00DDCCDD /* Assets.xcassets */ = {isa = PBXFileReference; lastKnownFileType = folder.assetcatalog; path = Assets.xcassets; sourceTree = "<group>"; };
		B1C1F3902487090C00DDCCDD /* Base */ = {isa = PBXFileReference; lastKnownFileType = file.storyboard; name = Base; path = Base.lproj/LaunchScreen.storyboard; sourceTree = "<group>"; };
		B1C1F3922487090C00DDCCDD /* Info.plist */ = {isa = PBXFileReference; lastKnownFileType = text.plist.xml; path = Info.plist; sourceTree = "<group>"; };
		C67153D95BC89590885D6AB9 /* Pods-FinalTest.release.xcconfig */ = {isa = PBXFileReference; includeInIndex = 1; lastKnownFileType = text.xcconfig; name = "Pods-FinalTest.release.xcconfig"; path = "Target Support Files/Pods-FinalTest/Pods-FinalTest.release.xcconfig"; sourceTree = "<group>"; };
/* End PBXFileReference section */

/* Begin PBXFrameworksBuildPhase section */
		B1C1F3802487090900DDCCDD /* Frameworks */ = {
			isa = PBXFrameworksBuildPhase;
			buildActionMask = 2147483647;
			files = (
				4F61C5C6B464E339EAB86AB6 /* Pods_FinalTest.framework in Frameworks */,
			);
			runOnlyForDeploymentPostprocessing = 0;
		};
/* End PBXFrameworksBuildPhase section */

/* Begin PBXGroup section */
		21BDE33784FDCEC26B505331 /* Frameworks */ = {
			isa = PBXGroup;
			children = (
				5D1884A5ABFC4EEAEE7A0113 /* Pods_FinalTest.framework */,
			);
			name = Frameworks;
			sourceTree = "<group>";
		};
		407B24A6FFAD27CBFD6291BF /* Pods */ = {
			isa = PBXGroup;
			children = (
				49002A6A6E35D4BDA65AD396 /* Pods-FinalTest.debug.xcconfig */,
				C67153D95BC89590885D6AB9 /* Pods-FinalTest.release.xcconfig */,
			);
			name = Pods;
			path = Pods;
			sourceTree = "<group>";
		};
		B1C1F37A2487090900DDCCDD = {
			isa = PBXGroup;
			children = (
				B1C1F3852487090900DDCCDD /* FinalTest */,
				B1C1F3842487090900DDCCDD /* Products */,
				407B24A6FFAD27CBFD6291BF /* Pods */,
				21BDE33784FDCEC26B505331 /* Frameworks */,
			);
			sourceTree = "<group>";
		};
		B1C1F3842487090900DDCCDD /* Products */ = {
			isa = PBXGroup;
			children = (
				B1C1F3832487090900DDCCDD /* FinalTest.app */,
			);
			name = Products;
			sourceTree = "<group>";
		};
		B1C1F3852487090900DDCCDD /* FinalTest */ = {
			isa = PBXGroup;
			children = (
				B1C1F3862487090900DDCCDD /* AppDelegate.swift */,
				B1C1F3882487090900DDCCDD /* ViewController.swift */,
				B1C1F38A2487090900DDCCDD /* Main.storyboard */,
				B1C1F38D2487090C00DDCCDD /* Assets.xcassets */,
				B1C1F38F2487090C00DDCCDD /* LaunchScreen.storyboard */,
				B1C1F3922487090C00DDCCDD /* Info.plist */,
			);
			path = FinalTest;
			sourceTree = "<group>";
		};
/* End PBXGroup section */

/* Begin PBXNativeTarget section */
		B1C1F3822487090900DDCCDD /* FinalTest */ = {
			isa = PBXNativeTarget;
			buildConfigurationList = B1C1F3952487090C00DDCCDD /* Build configuration list for PBXNativeTarget "FinalTest" */;
			buildPhases = (
				4A512DB4C480CF78A686C410 /* [CP] Check Pods Manifest.lock */,
				B1C1F37F2487090900DDCCDD /* Sources */,
				B1C1F3802487090900DDCCDD /* Frameworks */,
				B1C1F3812487090900DDCCDD /* Resources */,
				41DD653C855B3A1D789316A4 /* [CP] Embed Pods Frameworks */,
			);
			buildRules = (
			);
			dependencies = (
			);
			name = FinalTest;
			productName = FinalTest;
			productReference = B1C1F3832487090900DDCCDD /* FinalTest.app */;
			productType = "com.apple.product-type.application";
		};
/* End PBXNativeTarget section */

/* Begin PBXProject section */
		B1C1F37B2487090900DDCCDD /* Project object */ = {
			isa = PBXProject;
			attributes = {
				LastSwiftUpdateCheck = 1010;
				LastUpgradeCheck = 1010;
				ORGANIZATIONNAME = "John Lin";
				TargetAttributes = {
					B1C1F3822487090900DDCCDD = {
						CreatedOnToolsVersion = 10.1;
					};
				};
			};
			buildConfigurationList = B1C1F37E2487090900DDCCDD /* Build configuration list for PBXProject "FinalTest" */;
			compatibilityVersion = "Xcode 9.3";
			developmentRegion = en;
			hasScannedForEncodings = 0;
			knownRegions = (
				en,
				Base,
			);
			mainGroup = B1C1F37A2487090900DDCCDD;
			productRefGroup = B1C1F3842487090900DDCCDD /* Products */;
			projectDirPath = "";
			projectRoot = "";
			targets = (
				B1C1F3822487090900DDCCDD /* FinalTest */,
			);
		};
/* End PBXProject section */

/* Begin PBXResourcesBuildPhase section */
		B1C1F3812487090900DDCCDD /* Resources */ = {
			isa = PBXResourcesBuildPhase;
			buildActionMask = 2147483647;
			files = (
				B1C1F3912487090C00DDCCDD /* LaunchScreen.storyboard in Resources */,
				B1C1F38E2487090C00DDCCDD /* Assets.xcassets in Resources */,
				B1C1F38C2487090900DDCCDD /* Main.storyboard in Resources */,
			);
			runOnlyForDeploymentPostprocessing = 0;
		};
/* End PBXResourcesBuildPhase section */

/* Begin PBXShellScriptBuildPhase section */
		41DD653C855B3A1D789316A4 /* [CP] Embed Pods Frameworks */ = {
			isa = PBXShellScriptBuildPhase;
			buildActionMask = 2147483647;
			files = (
			);
			inputFileListPaths = (
				"${PODS_ROOT}/Target Support Files/Pods-FinalTest/Pods-FinalTest-frameworks-${CONFIGURATION}-input-files.xcfilelist",
			);
			name = "[CP] Embed Pods Frameworks";
			outputFileListPaths = (
				"${PODS_ROOT}/Target Support Files/Pods-FinalTest/Pods-FinalTest-frameworks-${CONFIGURATION}-output-files.xcfilelist",
			);
			runOnlyForDeploymentPostprocessing = 0;
			shellPath = /bin/sh;
			shellScript = "\"${PODS_ROOT}/Target Support Files/Pods-FinalTest/Pods-FinalTest-frameworks.sh\"\n";
			showEnvVarsInLog = 0;
		};
		4A512DB4C480CF78A686C410 /* [CP] Check Pods Manifest.lock */ = {
			isa = PBXShellScriptBuildPhase;
			buildActionMask = 2147483647;
			files = (
			);
			inputFileListPaths = (
			);
			inputPaths = (
				"${PODS_PODFILE_DIR_PATH}/Podfile.lock",
				"${PODS_ROOT}/Manifest.lock",
			);
			name = "[CP] Check Pods Manifest.lock";
			outputFileListPaths = (
			);
			outputPaths = (
				"$(DERIVED_FILE_DIR)/Pods-FinalTest-checkManifestLockResult.txt",
			);
			runOnlyForDeploymentPostprocessing = 0;
			shellPath = /bin/sh;
			shellScript = "diff \"${PODS_PODFILE_DIR_PATH}/Podfile.lock\" \"${PODS_ROOT}/Manifest.lock\" > /dev/null\nif [ $? != 0 ] ; then\n    # print error to STDERR\n    echo \"error: The sandbox is not in sync with the Podfile.lock. Run 'pod install' or update your CocoaPods installation.\" >&2\n    exit 1\nfi\n# This output is used by Xcode 'outputs' to avoid re-running this script phase.\necho \"SUCCESS\" > \"${SCRIPT_OUTPUT_FILE_0}\"\n";
			showEnvVarsInLog = 0;
		};
/* End PBXShellScriptBuildPhase section */

/* Begin PBXSourcesBuildPhase section */
		B1C1F37F2487090900DDCCDD /* Sources */ = {
			isa = PBXSourcesBuildPhase;
			buildActionMask = 2147483647;
			files = (
				B1C1F3892487090900DDCCDD /* ViewController.swift in Sources */,
				B1C1F3872487090900DDCCDD /* AppDelegate.swift in Sources */,
			);
			runOnlyForDeploymentPostprocessing = 0;
		};
/* End PBXSourcesBuildPhase section */

/* Begin PBXVariantGroup section */
		B1C1F38A2487090900DDCCDD /* Main.storyboard */ = {
			isa = PBXVariantGroup;
			children = (
				B1C1F38B2487090900DDCCDD /* Base */,
			);
			name = Main.storyboard;
			sourceTree = "<group>";
		};
		B1C1F38F2487090C00DDCCDD /* LaunchScreen.storyboard */ = {
			isa = PBXVariantGroup;
			children = (
				B1C1F3902487090C00DDCCDD /* Base */,
			);
			name = LaunchScreen.storyboard;
			sourceTree = "<group>";
		};
/* End PBXVariantGroup section */

/* Begin XCBuildConfiguration section */
		B1C1F3932487090C00DDCCDD /* Debug */ = {
			isa = XCBuildConfiguration;
			buildSettings = {
				ALWAYS_SEARCH_USER_PATHS = NO;
				CLANG_ANALYZER_NONNULL = YES;
				CLANG_ANALYZER_NUMBER_OBJECT_CONVERSION = YES_AGGRESSIVE;
				CLANG_CXX_LANGUAGE_STANDARD = "gnu++14";
				CLANG_CXX_LIBRARY = "libc++";
				CLANG_ENABLE_MODULES = YES;
				CLANG_ENABLE_OBJC_ARC = YES;
				CLANG_ENABLE_OBJC_WEAK = YES;
				CLANG_WARN_BLOCK_CAPTURE_AUTORELEASING = YES;
				CLANG_WARN_BOOL_CONVERSION = YES;
				CLANG_WARN_COMMA = YES;
				CLANG_WARN_CONSTANT_CONVERSION = YES;
				CLANG_WARN_DEPRECATED_OBJC_IMPLEMENTATIONS = YES;
				CLANG_WARN_DIRECT_OBJC_ISA_USAGE = YES_ERROR;
				CLANG_WARN_DOCUMENTATION_COMMENTS = YES;
				CLANG_WARN_EMPTY_BODY = YES;
				CLANG_WARN_ENUM_CONVERSION = YES;
				CLANG_WARN_INFINITE_RECURSION = YES;
				CLANG_WARN_INT_CONVERSION = YES;
				CLANG_WARN_NON_LITERAL_NULL_CONVERSION = YES;
				CLANG_WARN_OBJC_IMPLICIT_RETAIN_SELF = YES;
				CLANG_WARN_OBJC_LITERAL_CONVERSION = YES;
				CLANG_WARN_OBJC_ROOT_CLASS = YES_ERROR;
				CLANG_WARN_RANGE_LOOP_ANALYSIS = YES;
				CLANG_WARN_STRICT_PROTOTYPES = YES;
				CLANG_WARN_SUSPICIOUS_MOVE = YES;
				CLANG_WARN_UNGUARDED_AVAILABILITY = YES_AGGRESSIVE;
				CLANG_WARN_UNREACHABLE_CODE = YES;
				CLANG_WARN__DUPLICATE_METHOD_MATCH = YES;
				CODE_SIGN_IDENTITY = "iPhone Developer";
				COPY_PHASE_STRIP = NO;
				DEBUG_INFORMATION_FORMAT = dwarf;
				ENABLE_STRICT_OBJC_MSGSEND = YES;
				ENABLE_TESTABILITY = YES;
				GCC_C_LANGUAGE_STANDARD = gnu11;
				GCC_DYNAMIC_NO_PIC = NO;
				GCC_NO_COMMON_BLOCKS = YES;
				GCC_OPTIMIZATION_LEVEL = 0;
				GCC_PREPROCESSOR_DEFINITIONS = (
					"DEBUG=1",
					"$(inherited)",
				);
				GCC_WARN_64_TO_32_BIT_CONVERSION = YES;
				GCC_WARN_ABOUT_RETURN_TYPE = YES_ERROR;
				GCC_WARN_UNDECLARED_SELECTOR = YES;
				GCC_WARN_UNINITIALIZED_AUTOS = YES_AGGRESSIVE;
				GCC_WARN_UNUSED_FUNCTION = YES;
				GCC_WARN_UNUSED_VARIABLE = YES;
				IPHONEOS_DEPLOYMENT_TARGET = 12.1;
				MTL_ENABLE_DEBUG_INFO = INCLUDE_SOURCE;
				MTL_FAST_MATH = YES;
				ONLY_ACTIVE_ARCH = YES;
				SDKROOT = iphoneos;
				SWIFT_ACTIVE_COMPILATION_CONDITIONS = DEBUG;
				SWIFT_OPTIMIZATION_LEVEL = "-Onone";
			};
			name = Debug;
		};
		B1C1F3942487090C00DDCCDD /* Release */ = {
			isa = XCBuildConfiguration;
			buildSettings = {
				ALWAYS_SEARCH_USER_PATHS = NO;
				CLANG_ANALYZER_NONNULL = YES;
				CLANG_ANALYZER_NUMBER_OBJECT_CONVERSION = YES_AGGRESSIVE;
				CLANG_CXX_LANGUAGE_STANDARD = "gnu++14";
				CLANG_CXX_LIBRARY = "libc++";
				CLANG_ENABLE_MODULES = YES;
				CLANG_ENABLE_OBJC_ARC = YES;
				CLANG_ENABLE_OBJC_WEAK = YES;
				CLANG_WARN_BLOCK_CAPTURE_AUTORELEASING = YES;
				CLANG_WARN_BOOL_CONVERSION = YES;
				CLANG_WARN_COMMA = YES;
				CLANG_WARN_CONSTANT_CONVERSION = YES;
				CLANG_WARN_DEPRECATED_OBJC_IMPLEMENTATIONS = YES;
				CLANG_WARN_DIRECT_OBJC_ISA_USAGE = YES_ERROR;
				CLANG_WARN_DOCUMENTATION_COMMENTS = YES;
				CLANG_WARN_EMPTY_BODY = YES;
				CLANG_WARN_ENUM_CONVERSION = YES;
				CLANG_WARN_INFINITE_RECURSION = YES;
				CLANG_WARN_INT_CONVERSION = YES;
				CLANG_WARN_NON_LITERAL_NULL_CONVERSION = YES;
				CLANG_WARN_OBJC_IMPLICIT_RETAIN_SELF = YES;
				CLANG_WARN_OBJC_LITERAL_CONVERSION = YES;
				CLANG_WARN_OBJC_ROOT_CLASS = YES_ERROR;
				CLANG_WARN_RANGE_LOOP_ANALYSIS = YES;
				CLANG_WARN_STRICT_PROTOTYPES = YES;
				CLANG_WARN_SUSPICIOUS_MOVE = YES;
				CLANG_WARN_UNGUARDED_AVAILABILITY = YES_AGGRESSIVE;
				CLANG_WARN_UNREACHABLE_CODE = YES;
				CLANG_WARN__DUPLICATE_METHOD_MATCH = YES;
				CODE_SIGN_IDENTITY = "iPhone Developer";
				COPY_PHASE_STRIP = NO;
				DEBUG_INFORMATION_FORMAT = "dwarf-with-dsym";
				ENABLE_NS_ASSERTIONS = NO;
				ENABLE_STRICT_OBJC_MSGSEND = YES;
				GCC_C_LANGUAGE_STANDARD = gnu11;
				GCC_NO_COMMON_BLOCKS = YES;
				GCC_WARN_64_TO_32_BIT_CONVERSION = YES;
				GCC_WARN_ABOUT_RETURN_TYPE = YES_ERROR;
				GCC_WARN_UNDECLARED_SELECTOR = YES;
				GCC_WARN_UNINITIALIZED_AUTOS = YES_AGGRESSIVE;
				GCC_WARN_UNUSED_FUNCTION = YES;
				GCC_WARN_UNUSED_VARIABLE = YES;
				IPHONEOS_DEPLOYMENT_TARGET = 12.1;
				MTL_ENABLE_DEBUG_INFO = NO;
				MTL_FAST_MATH = YES;
				SDKROOT = iphoneos;
				SWIFT_COMPILATION_MODE = wholemodule;
				SWIFT_OPTIMIZATION_LEVEL = "-O";
				VALIDATE_PRODUCT = YES;
			};
			name = Release;
		};
		B1C1F3962487090C00DDCCDD /* Debug */ = {
			isa = XCBuildConfiguration;
			baseConfigurationReference = 49002A6A6E35D4BDA65AD396 /* Pods-FinalTest.debug.xcconfig */;
			buildSettings = {
				ASSETCATALOG_COMPILER_APPICON_NAME = AppIcon;
				CODE_SIGN_STYLE = Automatic;
				INFOPLIST_FILE = FinalTest/Info.plist;
				LD_RUNPATH_SEARCH_PATHS = (
					"$(inherited)",
					"@executable_path/Frameworks",
				);
				PRODUCT_BUNDLE_IDENTIFIER = johnlin.FinalTest;
				PRODUCT_NAME = "$(TARGET_NAME)";
				SWIFT_VERSION = 4.2;
				TARGETED_DEVICE_FAMILY = "1,2";
			};
			name = Debug;
		};
		B1C1F3972487090C00DDCCDD /* Release */ = {
			isa = XCBuildConfiguration;
			baseConfigurationReference = C67153D95BC89590885D6AB9 /* Pods-FinalTest.release.xcconfig */;
			buildSettings = {
				ASSETCATALOG_COMPILER_APPICON_NAME = AppIcon;
				CODE_SIGN_STYLE = Automatic;
				INFOPLIST_FILE = FinalTest/Info.plist;
				LD_RUNPATH_SEARCH_PATHS = (
					"$(inherited)",
					"@executable_path/Frameworks",
				);
				PRODUCT_BUNDLE_IDENTIFIER = johnlin.FinalTest;
				PRODUCT_NAME = "$(TARGET_NAME)";
				SWIFT_VERSION = 4.2;
				TARGETED_DEVICE_FAMILY = "1,2";
			};
			name = Release;
		};
/* End XCBuildConfiguration section */

/* Begin XCConfigurationList section */
		B1C1F37E2487090900DDCCDD /* Build configuration list for PBXProject "FinalTest" */ = {
			isa = XCConfigurationList;
			buildConfigurations = (
				B1C1F3932487090C00DDCCDD /* Debug */,
				B1C1F3942487090C00DDCCDD /* Release */,
			);
			defaultConfigurationIsVisible = 0;
			defaultConfigurationName = Release;
		};
		B1C1F3952487090C00DDCCDD /* Build configuration list for PBXNativeTarget "FinalTest" */ = {
			isa = XCConfigurationList;
			buildConfigurations = (
				B1C1F3962487090C00DDCCDD /* Debug */,
				B1C1F3972487090C00DDCCDD /* Release */,
			);
			defaultConfigurationIsVisible = 0;
			defaultConfigurationName = Release;
		};
/* End XCConfigurationList section */
	};
	rootObject = B1C1F37B2487090900DDCCDD /* Project object */;
}
