// !$*UTF8*$!
{
	archiveVersion = 1;
	classes = {
	};
	objectVersion = 50;
	objects = {

/* Begin PBXBuildFile section */
		B11E75892413E79E0031CD8E /* main.swift in Sources */ = {isa = PBXBuildFile; fileRef = B11E75882413E79E0031CD8E /* main.swift */; };
		B11E75902413E7BE0031CD8E /* Circle.swift in Sources */ = {isa = PBXBuildFile; fileRef = B11E758F2413E7BE0031CD8E /* Circle.swift */; };
		B11E75922413E7E40031CD8E /* Classroom.swift in Sources */ = {isa = PBXBuildFile; fileRef = B11E75912413E7E40031CD8E /* Classroom.swift */; };
		B11E75942413F2640031CD8E /* AreaProtocol.swift in Sources */ = {isa = PBXBuildFile; fileRef = B11E75932413F2640031CD8E /* AreaProtocol.swift */; };
/* End PBXBuildFile section */

/* Begin PBXCopyFilesBuildPhase section */
		B11E75832413E79E0031CD8E /* CopyFiles */ = {
			isa = PBXCopyFilesBuildPhase;
			buildActionMask = 2147483647;
			dstPath = /usr/share/man/man1/;
			dstSubfolderSpec = 0;
			files = (
			);
			runOnlyForDeploymentPostprocessing = 1;
		};
/* End PBXCopyFilesBuildPhase section */

/* Begin PBXFileReference section */
		B11E75852413E79E0031CD8E /* POOP */ = {isa = PBXFileReference; explicitFileType = "compiled.mach-o.executable"; includeInIndex = 0; path = POOP; sourceTree = BUILT_PRODUCTS_DIR; };
		B11E75882413E79E0031CD8E /* main.swift */ = {isa = PBXFileReference; lastKnownFileType = sourcecode.swift; path = main.swift; sourceTree = "<group>"; };
		B11E758F2413E7BE0031CD8E /* Circle.swift */ = {isa = PBXFileReference; lastKnownFileType = sourcecode.swift; path = Circle.swift; sourceTree = "<group>"; };
		B11E75912413E7E40031CD8E /* Classroom.swift */ = {isa = PBXFileReference; lastKnownFileType = sourcecode.swift; path = Classroom.swift; sourceTree = "<group>"; };
		B11E75932413F2640031CD8E /* AreaProtocol.swift */ = {isa = PBXFileReference; lastKnownFileType = sourcecode.swift; path = AreaProtocol.swift; sourceTree = "<group>"; };
/* End PBXFileReference section */

/* Begin PBXFrameworksBuildPhase section */
		B11E75822413E79E0031CD8E /* Frameworks */ = {
			isa = PBXFrameworksBuildPhase;
			buildActionMask = 2147483647;
			files = (
			);
			runOnlyForDeploymentPostprocessing = 0;
		};
/* End PBXFrameworksBuildPhase section */

/* Begin PBXGroup section */
		B11E757C2413E79E0031CD8E = {
			isa = PBXGroup;
			children = (
				B11E75872413E79E0031CD8E /* POOP */,
				B11E75862413E79E0031CD8E /* Products */,
			);
			sourceTree = "<group>";
		};
		B11E75862413E79E0031CD8E /* Products */ = {
			isa = PBXGroup;
			children = (
				B11E75852413E79E0031CD8E /* POOP */,
			);
			name = Products;
			sourceTree = "<group>";
		};
		B11E75872413E79E0031CD8E /* POOP */ = {
			isa = PBXGroup;
			children = (
				B11E75882413E79E0031CD8E /* main.swift */,
				B11E758F2413E7BE0031CD8E /* Circle.swift */,
				B11E75912413E7E40031CD8E /* Classroom.swift */,
				B11E75932413F2640031CD8E /* AreaProtocol.swift */,
			);
			path = POOP;
			sourceTree = "<group>";
		};
/* End PBXGroup section */

/* Begin PBXNativeTarget section */
		B11E75842413E79E0031CD8E /* POOP */ = {
			isa = PBXNativeTarget;
			buildConfigurationList = B11E758C2413E79E0031CD8E /* Build configuration list for PBXNativeTarget "POOP" */;
			buildPhases = (
				B11E75812413E79E0031CD8E /* Sources */,
				B11E75822413E79E0031CD8E /* Frameworks */,
				B11E75832413E79E0031CD8E /* CopyFiles */,
			);
			buildRules = (
			);
			dependencies = (
			);
			name = POOP;
			productName = POOP;
			productReference = B11E75852413E79E0031CD8E /* POOP */;
			productType = "com.apple.product-type.tool";
		};
/* End PBXNativeTarget section */

/* Begin PBXProject section */
		B11E757D2413E79E0031CD8E /* Project object */ = {
			isa = PBXProject;
			attributes = {
				LastSwiftUpdateCheck = 1010;
				LastUpgradeCheck = 1010;
				ORGANIZATIONNAME = "John Lin";
				TargetAttributes = {
					B11E75842413E79E0031CD8E = {
						CreatedOnToolsVersion = 10.1;
					};
				};
			};
			buildConfigurationList = B11E75802413E79E0031CD8E /* Build configuration list for PBXProject "POOP" */;
			compatibilityVersion = "Xcode 9.3";
			developmentRegion = en;
			hasScannedForEncodings = 0;
			knownRegions = (
				en,
			);
			mainGroup = B11E757C2413E79E0031CD8E;
			productRefGroup = B11E75862413E79E0031CD8E /* Products */;
			projectDirPath = "";
			projectRoot = "";
			targets = (
				B11E75842413E79E0031CD8E /* POOP */,
			);
		};
/* End PBXProject section */

/* Begin PBXSourcesBuildPhase section */
		B11E75812413E79E0031CD8E /* Sources */ = {
			isa = PBXSourcesBuildPhase;
			buildActionMask = 2147483647;
			files = (
				B11E75942413F2640031CD8E /* AreaProtocol.swift in Sources */,
				B11E75892413E79E0031CD8E /* main.swift in Sources */,
				B11E75902413E7BE0031CD8E /* Circle.swift in Sources */,
				B11E75922413E7E40031CD8E /* Classroom.swift in Sources */,
			);
			runOnlyForDeploymentPostprocessing = 0;
		};
/* End PBXSourcesBuildPhase section */

/* Begin XCBuildConfiguration section */
		B11E758A2413E79E0031CD8E /* Debug */ = {
			isa = XCBuildConfiguration;
			buildSettings = {
				ALWAYS_SEARCH_USER_PATHS = NO;
				CLANG_ANALYZER_NONNULL = YES;
				CLANG_ANALYZER_NUMBER_OBJECT_CONVERSION = YES_AGGRESSIVE;
				CLANG_CXX_LANGUAGE_STANDARD = "gnu++14";
				CLANG_CXX_LIBRARY = "libc++";
				CLANG_ENABLE_MODULES = YES;
				CLANG_ENABLE_OBJC_ARC = YES;
				CLANG_ENABLE_OBJC_WEAK = YES;
				CLANG_WARN_BLOCK_CAPTURE_AUTORELEASING = YES;
				CLANG_WARN_BOOL_CONVERSION = YES;
				CLANG_WARN_COMMA = YES;
				CLANG_WARN_CONSTANT_CONVERSION = YES;
				CLANG_WARN_DEPRECATED_OBJC_IMPLEMENTATIONS = YES;
				CLANG_WARN_DIRECT_OBJC_ISA_USAGE = YES_ERROR;
				CLANG_WARN_DOCUMENTATION_COMMENTS = YES;
				CLANG_WARN_EMPTY_BODY = YES;
				CLANG_WARN_ENUM_CONVERSION = YES;
				CLANG_WARN_INFINITE_RECURSION = YES;
				CLANG_WARN_INT_CONVERSION = YES;
				CLANG_WARN_NON_LITERAL_NULL_CONVERSION = YES;
				CLANG_WARN_OBJC_IMPLICIT_RETAIN_SELF = YES;
				CLANG_WARN_OBJC_LITERAL_CONVERSION = YES;
				CLANG_WARN_OBJC_ROOT_CLASS = YES_ERROR;
				CLANG_WARN_RANGE_LOOP_ANALYSIS = YES;
				CLANG_WARN_STRICT_PROTOTYPES = YES;
				CLANG_WARN_SUSPICIOUS_MOVE = YES;
				CLANG_WARN_UNGUARDED_AVAILABILITY = YES_AGGRESSIVE;
				CLANG_WARN_UNREACHABLE_CODE = YES;
				CLANG_WARN__DUPLICATE_METHOD_MATCH = YES;
				CODE_SIGN_IDENTITY = "-";
				COPY_PHASE_STRIP = NO;
				DEBUG_INFORMATION_FORMAT = dwarf;
				ENABLE_STRICT_OBJC_MSGSEND = YES;
				ENABLE_TESTABILITY = YES;
				GCC_C_LANGUAGE_STANDARD = gnu11;
				GCC_DYNAMIC_NO_PIC = NO;
				GCC_NO_COMMON_BLOCKS = YES;
				GCC_OPTIMIZATION_LEVEL = 0;
				GCC_PREPROCESSOR_DEFINITIONS = (
					"DEBUG=1",
					"$(inherited)",
				);
				GCC_WARN_64_TO_32_BIT_CONVERSION = YES;
				GCC_WARN_ABOUT_RETURN_TYPE = YES_ERROR;
				GCC_WARN_UNDECLARED_SELECTOR = YES;
				GCC_WARN_UNINITIALIZED_AUTOS = YES_AGGRESSIVE;
				GCC_WARN_UNUSED_FUNCTION = YES;
				GCC_WARN_UNUSED_VARIABLE = YES;
				MACOSX_DEPLOYMENT_TARGET = 10.13;
				MTL_ENABLE_DEBUG_INFO = INCLUDE_SOURCE;
				MTL_FAST_MATH = YES;
				ONLY_ACTIVE_ARCH = YES;
				SDKROOT = macosx;
				SWIFT_ACTIVE_COMPILATION_CONDITIONS = DEBUG;
				SWIFT_OPTIMIZATION_LEVEL = "-Onone";
			};
			name = Debug;
		};
		B11E758B2413E79E0031CD8E /* Release */ = {
			isa = XCBuildConfiguration;
			buildSettings = {
				ALWAYS_SEARCH_USER_PATHS = NO;
				CLANG_ANALYZER_NONNULL = YES;
				CLANG_ANALYZER_NUMBER_OBJECT_CONVERSION = YES_AGGRESSIVE;
				CLANG_CXX_LANGUAGE_STANDARD = "gnu++14";
				CLANG_CXX_LIBRARY = "libc++";
				CLANG_ENABLE_MODULES = YES;
				CLANG_ENABLE_OBJC_ARC = YES;
				CLANG_ENABLE_OBJC_WEAK = YES;
				CLANG_WARN_BLOCK_CAPTURE_AUTORELEASING = YES;
				CLANG_WARN_BOOL_CONVERSION = YES;
				CLANG_WARN_COMMA = YES;
				CLANG_WARN_CONSTANT_CONVERSION = YES;
				CLANG_WARN_DEPRECATED_OBJC_IMPLEMENTATIONS = YES;
				CLANG_WARN_DIRECT_OBJC_ISA_USAGE = YES_ERROR;
				CLANG_WARN_DOCUMENTATION_COMMENTS = YES;
				CLANG_WARN_EMPTY_BODY = YES;
				CLANG_WARN_ENUM_CONVERSION = YES;
				CLANG_WARN_INFINITE_RECURSION = YES;
				CLANG_WARN_INT_CONVERSION = YES;
				CLANG_WARN_NON_LITERAL_NULL_CONVERSION = YES;
				CLANG_WARN_OBJC_IMPLICIT_RETAIN_SELF = YES;
				CLANG_WARN_OBJC_LITERAL_CONVERSION = YES;
				CLANG_WARN_OBJC_ROOT_CLASS = YES_ERROR;
				CLANG_WARN_RANGE_LOOP_ANALYSIS = YES;
				CLANG_WARN_STRICT_PROTOTYPES = YES;
				CLANG_WARN_SUSPICIOUS_MOVE = YES;
				CLANG_WARN_UNGUARDED_AVAILABILITY = YES_AGGRESSIVE;
				CLANG_WARN_UNREACHABLE_CODE = YES;
				CLANG_WARN__DUPLICATE_METHOD_MATCH = YES;
				CODE_SIGN_IDENTITY = "-";
				COPY_PHASE_STRIP = NO;
				DEBUG_INFORMATION_FORMAT = "dwarf-with-dsym";
				ENABLE_NS_ASSERTIONS = NO;
				ENABLE_STRICT_OBJC_MSGSEND = YES;
				GCC_C_LANGUAGE_STANDARD = gnu11;
				GCC_NO_COMMON_BLOCKS = YES;
				GCC_WARN_64_TO_32_BIT_CONVERSION = YES;
				GCC_WARN_ABOUT_RETURN_TYPE = YES_ERROR;
				GCC_WARN_UNDECLARED_SELECTOR = YES;
				GCC_WARN_UNINITIALIZED_AUTOS = YES_AGGRESSIVE;
				GCC_WARN_UNUSED_FUNCTION = YES;
				GCC_WARN_UNUSED_VARIABLE = YES;
				MACOSX_DEPLOYMENT_TARGET = 10.13;
				MTL_ENABLE_DEBUG_INFO = NO;
				MTL_FAST_MATH = YES;
				SDKROOT = macosx;
				SWIFT_COMPILATION_MODE = wholemodule;
				SWIFT_OPTIMIZATION_LEVEL = "-O";
			};
			name = Release;
		};
		B11E758D2413E79E0031CD8E /* Debug */ = {
			isa = XCBuildConfiguration;
			buildSettings = {
				CODE_SIGN_STYLE = Automatic;
				PRODUCT_NAME = "$(TARGET_NAME)";
				SWIFT_VERSION = 4.2;
			};
			name = Debug;
		};
		B11E758E2413E79E0031CD8E /* Release */ = {
			isa = XCBuildConfiguration;
			buildSettings = {
				CODE_SIGN_STYLE = Automatic;
				PRODUCT_NAME = "$(TARGET_NAME)";
				SWIFT_VERSION = 4.2;
			};
			name = Release;
		};
/* End XCBuildConfiguration section */

/* Begin XCConfigurationList section */
		B11E75802413E79E0031CD8E /* Build configuration list for PBXProject "POOP" */ = {
			isa = XCConfigurationList;
			buildConfigurations = (
				B11E758A2413E79E0031CD8E /* Debug */,
				B11E758B2413E79E0031CD8E /* Release */,
			);
			defaultConfigurationIsVisible = 0;
			defaultConfigurationName = Release;
		};
		B11E758C2413E79E0031CD8E /* Build configuration list for PBXNativeTarget "POOP" */ = {
			isa = XCConfigurationList;
			buildConfigurations = (
				B11E758D2413E79E0031CD8E /* Debug */,
				B11E758E2413E79E0031CD8E /* Release */,
			);
			defaultConfigurationIsVisible = 0;
			defaultConfigurationName = Release;
		};
/* End XCConfigurationList section */
	};
	rootObject = B11E757D2413E79E0031CD8E /* Project object */;
}
